
Microsoft Visual Studio Solution File, Format Version 12.00
# Visual Studio Version 17
VisualStudioVersion = 17.5.2.0
MinimumVisualStudioVersion = 10.0.40219.1
Project("{FAE04EC0-301F-11D3-BF4B-00C04F79EFBC}") = "ResumeMatcher.API", "ResumeMatcher.API\ResumeMatcher.API.csproj", "{A5F28289-92A2-655D-2B34-C0F5E8C4E404}"
EndProject
Project("{FAE04EC0-301F-11D3-BF4B-00C04F79EFBC}") = "ResumeMatcher.Tests", "ResumeMatcher.Tests\ResumeMatcher.Tests.csproj", "{D2E9B3D0-6DDD-46F3-BA5D-023DEDB52404}"
EndProject
Global
	GlobalSection(SolutionConfigurationPlatforms) = preSolution
		Debug|Any CPU = Debug|Any CPU
		Debug|x64 = Debug|x64
		Debug|x86 = Debug|x86
		Release|Any CPU = Release|Any CPU
		Release|x64 = Release|x64
		Release|x86 = Release|x86
	EndGlobalSection
	GlobalSection(ProjectConfigurationPlatforms) = postSolution
		{A5F28289-92A2-655D-2B34-C0F5E8C4E404}.Debug|Any CPU.ActiveCfg = Debug|Any CPU
		{A5F28289-92A2-655D-2B34-C0F5E8C4E404}.Debug|Any CPU.Build.0 = Debug|Any CPU
		{A5F28289-92A2-655D-2B34-C0F5E8C4E404}.Debug|x64.ActiveCfg = Debug|Any CPU
		{A5F28289-92A2-655D-2B34-C0F5E8C4E404}.Debug|x64.Build.0 = Debug|Any CPU
		{A5F28289-92A2-655D-2B34-C0F5E8C4E404}.Debug|x86.ActiveCfg = Debug|Any CPU
		{A5F28289-92A2-655D-2B34-C0F5E8C4E404}.Debug|x86.Build.0 = Debug|Any CPU
		{A5F28289-92A2-655D-2B34-C0F5E8C4E404}.Release|Any CPU.ActiveCfg = Release|Any CPU
		{A5F28289-92A2-655D-2B34-C0F5E8C4E404}.Release|Any CPU.Build.0 = Release|Any CPU
		{A5F28289-92A2-655D-2B34-C0F5E8C4E404}.Release|x64.ActiveCfg = Release|Any CPU
		{A5F28289-92A2-655D-2B34-C0F5E8C4E404}.Release|x64.Build.0 = Release|Any CPU
		{A5F28289-92A2-655D-2B34-C0F5E8C4E404}.Release|x86.ActiveCfg = Release|Any CPU
		{A5F28289-92A2-655D-2B34-C0F5E8C4E404}.Release|x86.Build.0 = Release|Any CPU
		{D2E9B3D0-6DDD-46F3-BA5D-023DEDB52404}.Debug|Any CPU.ActiveCfg = Debug|Any CPU
		{D2E9B3D0-6DDD-46F3-BA5D-023DEDB52404}.Debug|Any CPU.Build.0 = Debug|Any CPU
		{D2E9B3D0-6DDD-46F3-BA5D-023DEDB52404}.Debug|x64.ActiveCfg = Debug|Any CPU
		{D2E9B3D0-6DDD-46F3-BA5D-023DEDB52404}.Debug|x64.Build.0 = Debug|Any CPU
		{D2E9B3D0-6DDD-46F3-BA5D-023DEDB52404}.Debug|x86.ActiveCfg = Debug|Any CPU
		{D2E9B3D0-6DDD-46F3-BA5D-023DEDB52404}.Debug|x86.Build.0 = Debug|Any CPU
		{D2E9B3D0-6DDD-46F3-BA5D-023DEDB52404}.Release|Any CPU.ActiveCfg = Release|Any CPU
		{D2E9B3D0-6DDD-46F3-BA5D-023DEDB52404}.Release|Any CPU.Build.0 = Release|Any CPU
		{D2E9B3D0-6DDD-46F3-BA5D-023DEDB52404}.Release|x64.ActiveCfg = Release|Any CPU
		{D2E9B3D0-6DDD-46F3-BA5D-023DEDB52404}.Release|x64.Build.0 = Release|Any CPU
		{D2E9B3D0-6DDD-46F3-BA5D-023DEDB52404}.Release|x86.ActiveCfg = Release|Any CPU
		{D2E9B3D0-6DDD-46F3-BA5D-023DEDB52404}.Release|x86.Build.0 = Release|Any CPU
	EndGlobalSection
	GlobalSection(SolutionProperties) = preSolution
		HideSolutionNode = FALSE
	EndGlobalSection
	GlobalSection(ExtensibilityGlobals) = postSolution
		SolutionGuid = {DC5ED123-91C5-4A0B-A63F-59A7E4050811}
	EndGlobalSection
EndGlobal
